
Microsoft Visual Studio Solution File, Format Version 12.00
# Visual Studio Version 17
VisualStudioVersion = 17.3.32929.385
MinimumVisualStudioVersion = 10.0.40219.1
Project("{FAE04EC0-301F-11D3-BF4B-00C04F79EFBC}") = "Assignment_thinhvdph26886", "Assignment_thinhvdph26886\Assignment_thinhvdph26886.csproj", "{5DCD60DC-31A3-462E-AD5F-B8E6D944069F}"
EndProject
Global
	GlobalSection(SolutionConfigurationPlatforms) = preSolution
		Debug|Any CPU = Debug|Any CPU
		Release|Any CPU = Release|Any CPU
	EndGlobalSection
	GlobalSection(ProjectConfigurationPlatforms) = postSolution
		{5DCD60DC-31A3-462E-AD5F-B8E6D944069F}.Debug|Any CPU.ActiveCfg = Debug|Any CPU
		{5DCD60DC-31A3-462E-AD5F-B8E6D944069F}.Debug|Any CPU.Build.0 = Debug|Any CPU
		{5DCD60DC-31A3-462E-AD5F-B8E6D944069F}.Release|Any CPU.ActiveCfg = Release|Any CPU
		{5DCD60DC-31A3-462E-AD5F-B8E6D944069F}.Release|Any CPU.Build.0 = Release|Any CPU
	EndGlobalSection
	GlobalSection(SolutionProperties) = preSolution
		HideSolutionNode = FALSE
	EndGlobalSection
	GlobalSection(ExtensibilityGlobals) = postSolution
		SolutionGuid = {6637562A-A943-424B-A82A-E42828CA95AF}
	EndGlobalSection
EndGlobal
